<?xml version="1.0" encoding="UTF-8" standalone="yes" ?>
<CodeBlocks_project_file>
	<FileVersion major="1" minor="6" />
	<Project>
		<Option title="Simulation" />
		<Option pch_mode="2" />
		<Option compiler="gcc" />
		<Build>
			<Target title="Debug">
				<Option output="bin/Debug/M_TP01_E01" prefix_auto="1" extension_auto="1" />
				<Option object_output="obj/Debug/" />
				<Option type="1" />
				<Option compiler="gcc" />
				<Compiler>
					<Add option="-g" />
					<Add directory="include" />
					<Add directory="../M_TP01_E01" />
					<Add directory="forms" />
					<Add directory="forms/structure" />
					<Add directory="primitives" />
				</Compiler>
			</Target>
			<Target title="Release">
				<Option output="bin/Release/M_TP01_E01" prefix_auto="1" extension_auto="1" />
				<Option working_dir="C:/Program Files (x86)/CodeBlocks/MinGW/bin" />
				<Option object_output="obj/Release/" />
				<Option type="0" />
				<Option compiler="gcc" />
				<Compiler>
					<Add option="-O2" />
					<Add directory="include" />
					<Add directory="../M_TP01_E01" />
					<Add directory="forms" />
					<Add directory="forms/structure" />
					<Add directory="primitives" />
				</Compiler>
				<Linker>
					<Add option="-s" />
				</Linker>
			</Target>
		</Build>
		<Compiler>
			<Add option="-Wall" />
			<Add option="-std=c++11" />
			<Add directory="C:/Program Files (x86)/CodeBlocks/MinGW/include" />
		</Compiler>
		<Linker>
			<Add library="glut32" />
			<Add library="opengl32" />
			<Add library="glu32" />
			<Add library="winmm" />
			<Add library="gdi32" />
			<Add directory="C:/Program Files (x86)/CodeBlocks/MinGW/lib" />
		</Linker>
		<Unit filename="main.cpp" />
		<Unit filename="primitives/Figure.cpp" />
		<Unit filename="primitives/Figure.h" />
		<Unit filename="primitives/Joint.cpp" />
		<Unit filename="primitives/Joint.h" />
		<Unit filename="utils/utils.cpp" />
		<Unit filename="utils/utils.h" />
		<Unit filename="utils/vec3.cpp" />
		<Unit filename="utils/vec3.h" />
		<Extensions>
			<code_completion />
			<envvars />
			<debugger />
		</Extensions>
	</Project>
</CodeBlocks_project_file>
